
Microsoft Visual Studio Solution File, Format Version 12.00
# Visual Studio Version 16
VisualStudioVersion = 16.0.29613.14
MinimumVisualStudioVersion = 10.0.40219.1
Project("{9A19103F-16F7-4668-BE54-9A1E7A4F7556}") = "Bidhouse", "Bidhouse\Bidhouse.csproj", "{9A5824E7-FA93-4F51-A5F3-EE038AE6EEB2}"
EndProject
Project("{FAE04EC0-301F-11D3-BF4B-00C04F79EFBC}") = "Bidhouse.Tests", "Bidhouse.Tests\Bidhouse.Tests.csproj", "{E03CF1A3-AF74-4165-8652-A5665A61E322}"
EndProject
Global
	GlobalSection(SolutionConfigurationPlatforms) = preSolution
		Debug|Any CPU = Debug|Any CPU
		Release|Any CPU = Release|Any CPU
	EndGlobalSection
	GlobalSection(ProjectConfigurationPlatforms) = postSolution
		{9A5824E7-FA93-4F51-A5F3-EE038AE6EEB2}.Debug|Any CPU.ActiveCfg = Debug|Any CPU
		{9A5824E7-FA93-4F51-A5F3-EE038AE6EEB2}.Debug|Any CPU.Build.0 = Debug|Any CPU
		{9A5824E7-FA93-4F51-A5F3-EE038AE6EEB2}.Release|Any CPU.ActiveCfg = Release|Any CPU
		{9A5824E7-FA93-4F51-A5F3-EE038AE6EEB2}.Release|Any CPU.Build.0 = Release|Any CPU
		{E03CF1A3-AF74-4165-8652-A5665A61E322}.Debug|Any CPU.ActiveCfg = Debug|Any CPU
		{E03CF1A3-AF74-4165-8652-A5665A61E322}.Debug|Any CPU.Build.0 = Debug|Any CPU
		{E03CF1A3-AF74-4165-8652-A5665A61E322}.Release|Any CPU.ActiveCfg = Release|Any CPU
		{E03CF1A3-AF74-4165-8652-A5665A61E322}.Release|Any CPU.Build.0 = Release|Any CPU
	EndGlobalSection
	GlobalSection(SolutionProperties) = preSolution
		HideSolutionNode = FALSE
	EndGlobalSection
	GlobalSection(ExtensibilityGlobals) = postSolution
		SolutionGuid = {0E9012B6-0BE5-4CCF-ACAE-2705E91F45F2}
	EndGlobalSection
EndGlobal
